lockfileVersion: '9.0'

settings:
  autoInstallPeers: true
  excludeLinksFromLockfile: false

importers:

  .: {}

  apps/vscode-extension:
    devDependencies:
      '@types/node':
        specifier: ^20.0.0
        version: 20.19.43
      '@types/vscode':
        specifier: ^1.85.0
        version: 1.120.0
      typescript:
        specifier: ^5.7.0
        version: 5.9.3

  apps/website:
    dependencies:
      '@write-ai-prompt-better/ui':
        specifier: workspace:*
        version: link:../../packages/ui
      '@write-ai-prompt-better/utils':
        specifier: workspace:*
        version: link:../../packages/utils
    devDependencies:
      typescript:
        specifier: ^5.7.0
        version: 5.9.3

  packages/ui:
    devDependencies:
      typescript:
        specifier: ^5.7.0
        version: 5.9.3

  packages/utils:
    devDependencies:
      typescript:
        specifier: ^5.7.0
        version: 5.9.3

packages:

  '@types/node@20.19.43':
    resolution: {integrity: sha512-6oYBAi5ikg4Pl+kGsoYtawUMBT2zZMCvPNF7pVLnHZfd1zf38DRiWn/gT01RYCdUqkv7Fhr+C9ot4/tb+2sVvA==, tarball: https://registry.npmmirror.com/@types/node/-/node-20.19.43.tgz}

  '@types/vscode@1.120.0':
    resolution: {integrity: sha512-feaT4Rst+FkTch5zz/ZbNCxoIvo55YU80Be2kiL7OJcod4+CUYf2lUBPdIJzozNnSEMq1VRTGrWEcCGFB3fBmA==, tarball: https://registry.npmmirror.com/@types/vscode/-/vscode-1.120.0.tgz}

  typescript@5.9.3:
    resolution: {integrity: sha512-jl1vZzPDinLr9eUt3J/t7V6FgNEw9QjvBPdysz9KfQDD41fQrC2Y4vKQdiaUpFT4bXlb1RHhLpp8wtm6M5TgSw==, tarball: https://registry.npmmirror.com/typescript/-/typescript-5.9.3.tgz}
    engines: {node: '>=14.17'}
    hasBin: true

  undici-types@6.21.0:
    resolution: {integrity: sha512-iwDZqg0QAGrg9Rav5H4n0M64c3mkR59cJ6wQp+7C4nI0gsmExaedaYLNO44eT4AtBBwjbTiGPMlt2Md0T9H9JQ==, tarball: https://registry.npmmirror.com/undici-types/-/undici-types-6.21.0.tgz}

snapshots:

  '@types/node@20.19.43':
    dependencies:
      undici-types: 6.21.0

  '@types/vscode@1.120.0': {}

  typescript@5.9.3: {}

  undici-types@6.21.0: {}
